
Microsoft Visual Studio Solution File, Format Version 12.00
# Visual Studio 15
VisualStudioVersion = 15.0.27130.2036
MinimumVisualStudioVersion = 10.0.40219.1
Project("{9A19103F-16F7-4668-BE54-9A1E7A4F7556}") = "CsEvaluator", "Cs-Evaluator\CsEvaluator.csproj", "{B3843A08-FC75-42E9-82FD-2428A079A881}"
EndProject
Project("{FAE04EC0-301F-11D3-BF4B-00C04F79EFBC}") = "CsEvaluator.Data", "CsEvaluator.Data\CsEvaluator.Data.csproj", "{62EA4B0C-9C4F-48F0-A11A-059EFA1AF323}"
EndProject
Project("{FAE04EC0-301F-11D3-BF4B-00C04F79EFBC}") = "CsEvaluator.Repository", "CsEvaluator.Repository\CsEvaluator.Repository.csproj", "{0495E138-82B8-44C3-AC46-849710F37FA4}"
EndProject
Project("{9A19103F-16F7-4668-BE54-9A1E7A4F7556}") = "CsEvaluator.Database", "CsEvaluator.Database\CsEvaluator.Database.csproj", "{1DB2E15F-2529-4B58-82B8-5E9A1F179E3B}"
EndProject
Project("{9A19103F-16F7-4668-BE54-9A1E7A4F7556}") = "CsEvaluator.Engine", "CsEvaluator.Engine\CsEvaluator.Engine.csproj", "{87D4EA24-2D60-4B37-956D-23C32D95E730}"
EndProject
Project("{9A19103F-16F7-4668-BE54-9A1E7A4F7556}") = "CsEvaluator.Engine.Tests", "CsEvaluator.Engine.Tests\CsEvaluator.Engine.Tests.csproj", "{E4B023E7-D48F-497A-80F5-C575A939DF42}"
EndProject
Global
	GlobalSection(SolutionConfigurationPlatforms) = preSolution
		Debug|Any CPU = Debug|Any CPU
		Debug|ARM = Debug|ARM
		Debug|x64 = Debug|x64
		Debug|x86 = Debug|x86
		Release|Any CPU = Release|Any CPU
		Release|ARM = Release|ARM
		Release|x64 = Release|x64
		Release|x86 = Release|x86
	EndGlobalSection
	GlobalSection(ProjectConfigurationPlatforms) = postSolution
		{B3843A08-FC75-42E9-82FD-2428A079A881}.Debug|Any CPU.ActiveCfg = Debug|Any CPU
		{B3843A08-FC75-42E9-82FD-2428A079A881}.Debug|Any CPU.Build.0 = Debug|Any CPU
		{B3843A08-FC75-42E9-82FD-2428A079A881}.Debug|ARM.ActiveCfg = Debug|Any CPU
		{B3843A08-FC75-42E9-82FD-2428A079A881}.Debug|ARM.Build.0 = Debug|Any CPU
		{B3843A08-FC75-42E9-82FD-2428A079A881}.Debug|x64.ActiveCfg = Debug|Any CPU
		{B3843A08-FC75-42E9-82FD-2428A079A881}.Debug|x64.Build.0 = Debug|Any CPU
		{B3843A08-FC75-42E9-82FD-2428A079A881}.Debug|x86.ActiveCfg = Debug|Any CPU
		{B3843A08-FC75-42E9-82FD-2428A079A881}.Debug|x86.Build.0 = Debug|Any CPU
		{B3843A08-FC75-42E9-82FD-2428A079A881}.Release|Any CPU.ActiveCfg = Release|Any CPU
		{B3843A08-FC75-42E9-82FD-2428A079A881}.Release|Any CPU.Build.0 = Release|Any CPU
		{B3843A08-FC75-42E9-82FD-2428A079A881}.Release|ARM.ActiveCfg = Release|Any CPU
		{B3843A08-FC75-42E9-82FD-2428A079A881}.Release|ARM.Build.0 = Release|Any CPU
		{B3843A08-FC75-42E9-82FD-2428A079A881}.Release|x64.ActiveCfg = Release|Any CPU
		{B3843A08-FC75-42E9-82FD-2428A079A881}.Release|x64.Build.0 = Release|Any CPU
		{B3843A08-FC75-42E9-82FD-2428A079A881}.Release|x86.ActiveCfg = Release|Any CPU
		{B3843A08-FC75-42E9-82FD-2428A079A881}.Release|x86.Build.0 = Release|Any CPU
		{62EA4B0C-9C4F-48F0-A11A-059EFA1AF323}.Debug|Any CPU.ActiveCfg = Debug|Any CPU
		{62EA4B0C-9C4F-48F0-A11A-059EFA1AF323}.Debug|Any CPU.Build.0 = Debug|Any CPU
		{62EA4B0C-9C4F-48F0-A11A-059EFA1AF323}.Debug|ARM.ActiveCfg = Debug|Any CPU
		{62EA4B0C-9C4F-48F0-A11A-059EFA1AF323}.Debug|ARM.Build.0 = Debug|Any CPU
		{62EA4B0C-9C4F-48F0-A11A-059EFA1AF323}.Debug|x64.ActiveCfg = Debug|Any CPU
		{62EA4B0C-9C4F-48F0-A11A-059EFA1AF323}.Debug|x64.Build.0 = Debug|Any CPU
		{62EA4B0C-9C4F-48F0-A11A-059EFA1AF323}.Debug|x86.ActiveCfg = Debug|Any CPU
		{62EA4B0C-9C4F-48F0-A11A-059EFA1AF323}.Debug|x86.Build.0 = Debug|Any CPU
		{62EA4B0C-9C4F-48F0-A11A-059EFA1AF323}.Release|Any CPU.ActiveCfg = Release|Any CPU
		{62EA4B0C-9C4F-48F0-A11A-059EFA1AF323}.Release|Any CPU.Build.0 = Release|Any CPU
		{62EA4B0C-9C4F-48F0-A11A-059EFA1AF323}.Release|ARM.ActiveCfg = Release|Any CPU
		{62EA4B0C-9C4F-48F0-A11A-059EFA1AF323}.Release|ARM.Build.0 = Release|Any CPU
		{62EA4B0C-9C4F-48F0-A11A-059EFA1AF323}.Release|x64.ActiveCfg = Release|Any CPU
		{62EA4B0C-9C4F-48F0-A11A-059EFA1AF323}.Release|x64.Build.0 = Release|Any CPU
		{62EA4B0C-9C4F-48F0-A11A-059EFA1AF323}.Release|x86.ActiveCfg = Release|Any CPU
		{62EA4B0C-9C4F-48F0-A11A-059EFA1AF323}.Release|x86.Build.0 = Release|Any CPU
		{0495E138-82B8-44C3-AC46-849710F37FA4}.Debug|Any CPU.ActiveCfg = Debug|Any CPU
		{0495E138-82B8-44C3-AC46-849710F37FA4}.Debug|Any CPU.Build.0 = Debug|Any CPU
		{0495E138-82B8-44C3-AC46-849710F37FA4}.Debug|ARM.ActiveCfg = Debug|Any CPU
		{0495E138-82B8-44C3-AC46-849710F37FA4}.Debug|ARM.Build.0 = Debug|Any CPU
		{0495E138-82B8-44C3-AC46-849710F37FA4}.Debug|x64.ActiveCfg = Debug|Any CPU
		{0495E138-82B8-44C3-AC46-849710F37FA4}.Debug|x64.Build.0 = Debug|Any CPU
		{0495E138-82B8-44C3-AC46-849710F37FA4}.Debug|x86.ActiveCfg = Debug|Any CPU
		{0495E138-82B8-44C3-AC46-849710F37FA4}.Debug|x86.Build.0 = Debug|Any CPU
		{0495E138-82B8-44C3-AC46-849710F37FA4}.Release|Any CPU.ActiveCfg = Release|Any CPU
		{0495E138-82B8-44C3-AC46-849710F37FA4}.Release|Any CPU.Build.0 = Release|Any CPU
		{0495E138-82B8-44C3-AC46-849710F37FA4}.Release|ARM.ActiveCfg = Release|Any CPU
		{0495E138-82B8-44C3-AC46-849710F37FA4}.Release|ARM.Build.0 = Release|Any CPU
		{0495E138-82B8-44C3-AC46-849710F37FA4}.Release|x64.ActiveCfg = Release|Any CPU
		{0495E138-82B8-44C3-AC46-849710F37FA4}.Release|x64.Build.0 = Release|Any CPU
		{0495E138-82B8-44C3-AC46-849710F37FA4}.Release|x86.ActiveCfg = Release|Any CPU
		{0495E138-82B8-44C3-AC46-849710F37FA4}.Release|x86.Build.0 = Release|Any CPU
		{1DB2E15F-2529-4B58-82B8-5E9A1F179E3B}.Debug|Any CPU.ActiveCfg = Debug|Any CPU
		{1DB2E15F-2529-4B58-82B8-5E9A1F179E3B}.Debug|Any CPU.Build.0 = Debug|Any CPU
		{1DB2E15F-2529-4B58-82B8-5E9A1F179E3B}.Debug|ARM.ActiveCfg = Debug|Any CPU
		{1DB2E15F-2529-4B58-82B8-5E9A1F179E3B}.Debug|ARM.Build.0 = Debug|Any CPU
		{1DB2E15F-2529-4B58-82B8-5E9A1F179E3B}.Debug|x64.ActiveCfg = Debug|Any CPU
		{1DB2E15F-2529-4B58-82B8-5E9A1F179E3B}.Debug|x64.Build.0 = Debug|Any CPU
		{1DB2E15F-2529-4B58-82B8-5E9A1F179E3B}.Debug|x86.ActiveCfg = Debug|Any CPU
		{1DB2E15F-2529-4B58-82B8-5E9A1F179E3B}.Debug|x86.Build.0 = Debug|Any CPU
		{1DB2E15F-2529-4B58-82B8-5E9A1F179E3B}.Release|Any CPU.ActiveCfg = Release|Any CPU
		{1DB2E15F-2529-4B58-82B8-5E9A1F179E3B}.Release|Any CPU.Build.0 = Release|Any CPU
		{1DB2E15F-2529-4B58-82B8-5E9A1F179E3B}.Release|ARM.ActiveCfg = Release|Any CPU
		{1DB2E15F-2529-4B58-82B8-5E9A1F179E3B}.Release|ARM.Build.0 = Release|Any CPU
		{1DB2E15F-2529-4B58-82B8-5E9A1F179E3B}.Release|x64.ActiveCfg = Release|Any CPU
		{1DB2E15F-2529-4B58-82B8-5E9A1F179E3B}.Release|x64.Build.0 = Release|Any CPU
		{1DB2E15F-2529-4B58-82B8-5E9A1F179E3B}.Release|x86.ActiveCfg = Release|Any CPU
		{1DB2E15F-2529-4B58-82B8-5E9A1F179E3B}.Release|x86.Build.0 = Release|Any CPU
		{87D4EA24-2D60-4B37-956D-23C32D95E730}.Debug|Any CPU.ActiveCfg = Debug|Any CPU
		{87D4EA24-2D60-4B37-956D-23C32D95E730}.Debug|Any CPU.Build.0 = Debug|Any CPU
		{87D4EA24-2D60-4B37-956D-23C32D95E730}.Debug|ARM.ActiveCfg = Debug|Any CPU
		{87D4EA24-2D60-4B37-956D-23C32D95E730}.Debug|ARM.Build.0 = Debug|Any CPU
		{87D4EA24-2D60-4B37-956D-23C32D95E730}.Debug|x64.ActiveCfg = Debug|Any CPU
		{87D4EA24-2D60-4B37-956D-23C32D95E730}.Debug|x64.Build.0 = Debug|Any CPU
		{87D4EA24-2D60-4B37-956D-23C32D95E730}.Debug|x86.ActiveCfg = Debug|Any CPU
		{87D4EA24-2D60-4B37-956D-23C32D95E730}.Debug|x86.Build.0 = Debug|Any CPU
		{87D4EA24-2D60-4B37-956D-23C32D95E730}.Release|Any CPU.ActiveCfg = Release|Any CPU
		{87D4EA24-2D60-4B37-956D-23C32D95E730}.Release|Any CPU.Build.0 = Release|Any CPU
		{87D4EA24-2D60-4B37-956D-23C32D95E730}.Release|ARM.ActiveCfg = Release|Any CPU
		{87D4EA24-2D60-4B37-956D-23C32D95E730}.Release|ARM.Build.0 = Release|Any CPU
		{87D4EA24-2D60-4B37-956D-23C32D95E730}.Release|x64.ActiveCfg = Release|Any CPU
		{87D4EA24-2D60-4B37-956D-23C32D95E730}.Release|x64.Build.0 = Release|Any CPU
		{87D4EA24-2D60-4B37-956D-23C32D95E730}.Release|x86.ActiveCfg = Release|Any CPU
		{87D4EA24-2D60-4B37-956D-23C32D95E730}.Release|x86.Build.0 = Release|Any CPU
		{E4B023E7-D48F-497A-80F5-C575A939DF42}.Debug|Any CPU.ActiveCfg = Debug|Any CPU
		{E4B023E7-D48F-497A-80F5-C575A939DF42}.Debug|Any CPU.Build.0 = Debug|Any CPU
		{E4B023E7-D48F-497A-80F5-C575A939DF42}.Debug|ARM.ActiveCfg = Debug|Any CPU
		{E4B023E7-D48F-497A-80F5-C575A939DF42}.Debug|ARM.Build.0 = Debug|Any CPU
		{E4B023E7-D48F-497A-80F5-C575A939DF42}.Debug|x64.ActiveCfg = Debug|Any CPU
		{E4B023E7-D48F-497A-80F5-C575A939DF42}.Debug|x64.Build.0 = Debug|Any CPU
		{E4B023E7-D48F-497A-80F5-C575A939DF42}.Debug|x86.ActiveCfg = Debug|Any CPU
		{E4B023E7-D48F-497A-80F5-C575A939DF42}.Debug|x86.Build.0 = Debug|Any CPU
		{E4B023E7-D48F-497A-80F5-C575A939DF42}.Release|Any CPU.ActiveCfg = Release|Any CPU
		{E4B023E7-D48F-497A-80F5-C575A939DF42}.Release|Any CPU.Build.0 = Release|Any CPU
		{E4B023E7-D48F-497A-80F5-C575A939DF42}.Release|ARM.ActiveCfg = Release|Any CPU
		{E4B023E7-D48F-497A-80F5-C575A939DF42}.Release|ARM.Build.0 = Release|Any CPU
		{E4B023E7-D48F-497A-80F5-C575A939DF42}.Release|x64.ActiveCfg = Release|Any CPU
		{E4B023E7-D48F-497A-80F5-C575A939DF42}.Release|x64.Build.0 = Release|Any CPU
		{E4B023E7-D48F-497A-80F5-C575A939DF42}.Release|x86.ActiveCfg = Release|Any CPU
		{E4B023E7-D48F-497A-80F5-C575A939DF42}.Release|x86.Build.0 = Release|Any CPU
	EndGlobalSection
	GlobalSection(SolutionProperties) = preSolution
		HideSolutionNode = FALSE
	EndGlobalSection
	GlobalSection(ExtensibilityGlobals) = postSolution
		SolutionGuid = {E71570A2-4381-432B-92AB-7F33B21D404C}
	EndGlobalSection
EndGlobal
